
Microsoft Visual Studio Solution File, Format Version 12.00
# Visual Studio Version 16
VisualStudioVersion = 16.0.29020.237
MinimumVisualStudioVersion = 10.0.40219.1
Project("{8BC9CEB8-8B4A-11D0-8D11-00A0C91BC942}") = "pointers", "pointers\pointers.vcxproj", "{1777858E-EB83-41E0-B388-437EF7C564F7}"
EndProject
Global
	GlobalSection(SolutionConfigurationPlatforms) = preSolution
		Debug|x64 = Debug|x64
		Debug|x86 = Debug|x86
		Release|x64 = Release|x64
		Release|x86 = Release|x86
	EndGlobalSection
	GlobalSection(ProjectConfigurationPlatforms) = postSolution
		{1777858E-EB83-41E0-B388-437EF7C564F7}.Debug|x64.ActiveCfg = Debug|x64
		{1777858E-EB83-41E0-B388-437EF7C564F7}.Debug|x64.Build.0 = Debug|x64
		{1777858E-EB83-41E0-B388-437EF7C564F7}.Debug|x86.ActiveCfg = Debug|Win32
		{1777858E-EB83-41E0-B388-437EF7C564F7}.Debug|x86.Build.0 = Debug|Win32
		{1777858E-EB83-41E0-B388-437EF7C564F7}.Release|x64.ActiveCfg = Release|x64
		{1777858E-EB83-41E0-B388-437EF7C564F7}.Release|x64.Build.0 = Release|x64
		{1777858E-EB83-41E0-B388-437EF7C564F7}.Release|x86.ActiveCfg = Release|Win32
		{1777858E-EB83-41E0-B388-437EF7C564F7}.Release|x86.Build.0 = Release|Win32
	EndGlobalSection
	GlobalSection(SolutionProperties) = preSolution
		HideSolutionNode = FALSE
	EndGlobalSection
	GlobalSection(ExtensibilityGlobals) = postSolution
		SolutionGuid = {6F8A80BA-EA0C-4B2A-B412-D9235E6271FE}
	EndGlobalSection
EndGlobal
